
Microsoft Visual Studio Solution File, Format Version 12.00
# Visual Studio Version 17
VisualStudioVersion = 17.14.36705.20 d17.14
MinimumVisualStudioVersion = 10.0.40219.1
Project("{FAE04EC0-301F-11D3-BF4B-00C04F79EFBC}") = "EmlakPortal.API", "EmlakPortal.API\EmlakPortal.API.csproj", "{D47E0C20-CA9F-4F97-88FC-42304C9021B1}"
EndProject
Global
	GlobalSection(SolutionConfigurationPlatforms) = preSolution
		Debug|Any CPU = Debug|Any CPU
		Release|Any CPU = Release|Any CPU
	EndGlobalSection
	GlobalSection(ProjectConfigurationPlatforms) = postSolution
		{D47E0C20-CA9F-4F97-88FC-42304C9021B1}.Debug|Any CPU.ActiveCfg = Debug|Any CPU
		{D47E0C20-CA9F-4F97-88FC-42304C9021B1}.Debug|Any CPU.Build.0 = Debug|Any CPU
		{D47E0C20-CA9F-4F97-88FC-42304C9021B1}.Release|Any CPU.ActiveCfg = Release|Any CPU
		{D47E0C20-CA9F-4F97-88FC-42304C9021B1}.Release|Any CPU.Build.0 = Release|Any CPU
	EndGlobalSection
	GlobalSection(SolutionProperties) = preSolution
		HideSolutionNode = FALSE
	EndGlobalSection
	GlobalSection(ExtensibilityGlobals) = postSolution
		SolutionGuid = {C2437ABC-4988-481F-951A-10EF31BD4FF8}
	EndGlobalSection
EndGlobal
